// !$*UTF8*$!
{
	archiveVersion = 1;
	classes = {
	};
	objectVersion = 77;
	objects = {

/* Begin PBXContainerItemProxy section */
		D0C6D0AB2DEDD54900305977 /* PBXContainerItemProxy */ = {
			isa = PBXContainerItemProxy;
			containerPortal = D0C6D0922DEDD54600305977 /* Project object */;
			proxyType = 1;
			remoteGlobalIDString = D0C6D0992DEDD54600305977;
			remoteInfo = NoteKeeper;
		};
		D0C6D0B52DEDD54900305977 /* PBXContainerItemProxy */ = {
			isa = PBXContainerItemProxy;
			containerPortal = D0C6D0922DEDD54600305977 /* Project object */;
			proxyType = 1;
			remoteGlobalIDString = D0C6D0992DEDD54600305977;
			remoteInfo = NoteKeeper;
		};
/* End PBXContainerItemProxy section */

/* Begin PBXFileReference section */
		D0C6D09A2DEDD54600305977 /* NoteKeeper.app */ = {isa = PBXFileReference; explicitFileType = wrapper.application; includeInIndex = 0; path = NoteKeeper.app; sourceTree = BUILT_PRODUCTS_DIR; };
		D0C6D0AA2DEDD54900305977 /* NoteKeeperTests.xctest */ = {isa = PBXFileReference; explicitFileType = wrapper.cfbundle; includeInIndex = 0; path = NoteKeeperTests.xctest; sourceTree = BUILT_PRODUCTS_DIR; };
		D0C6D0B42DEDD54900305977 /* NoteKeeperUITests.xctest */ = {isa = PBXFileReference; explicitFileType = wrapper.cfbundle; includeInIndex = 0; path = NoteKeeperUITests.xctest; sourceTree = BUILT_PRODUCTS_DIR; };
/* End PBXFileReference section */

/* Begin PBXFileSystemSynchronizedRootGroup section */
		D0C6D09C2DEDD54600305977 /* NoteKeeper */ = {
			isa = PBXFileSystemSynchronizedRootGroup;
			path = NoteKeeper;
			sourceTree = "<group>";
		};
		D0C6D0AD2DEDD54900305977 /* NoteKeeperTests */ = {
			isa = PBXFileSystemSynchronizedRootGroup;
			path = NoteKeeperTests;
			sourceTree = "<group>";
		};
		D0C6D0B72DEDD54900305977 /* NoteKeeperUITests */ = {
			isa = PBXFileSystemSynchronizedRootGroup;
			path = NoteKeeperUITests;
			sourceTree = "<group>";
		};
/* End PBXFileSystemSynchronizedRootGroup section */

/* Begin PBXFrameworksBuildPhase section */
		D0C6D0972DEDD54600305977 /* Frameworks */ = {
			isa = PBXFrameworksBuildPhase;
			buildActionMask = 2147483647;
			files = (
			);
			runOnlyForDeploymentPostprocessing = 0;
		};
		D0C6D0A72DEDD54900305977 /* Frameworks */ = {
			isa = PBXFrameworksBuildPhase;
			buildActionMask = 2147483647;
			files = (
			);
			runOnlyForDeploymentPostprocessing = 0;
		};
		D0C6D0B12DEDD54900305977 /* Frameworks */ = {
			isa = PBXFrameworksBuildPhase;
			buildActionMask = 2147483647;
			files = (
			);
			runOnlyForDeploymentPostprocessing = 0;
		};
/* End PBXFrameworksBuildPhase section */

/* Begin PBXGroup section */
		D0C6D0912DEDD54600305977 = {
			isa = PBXGroup;
			children = (
				D0C6D09C2DEDD54600305977 /* NoteKeeper */,
				D0C6D0AD2DEDD54900305977 /* NoteKeeperTests */,
				D0C6D0B72DEDD54900305977 /* NoteKeeperUITests */,
				D0C6D09B2DEDD54600305977 /* Products */,
			);
			sourceTree = "<group>";
		};
		D0C6D09B2DEDD54600305977 /* Products */ = {
			isa = PBXGroup;
			children = (
				D0C6D09A2DEDD54600305977 /* NoteKeeper.app */,
				D0C6D0AA2DEDD54900305977 /* NoteKeeperTests.xctest */,
				D0C6D0B42DEDD54900305977 /* NoteKeeperUITests.xctest */,
			);
			name = Products;
			sourceTree = "<group>";
		};
/* End PBXGroup section */

/* Begin PBXNativeTarget section */
		D0C6D0992DEDD54600305977 /* NoteKeeper */ = {
			isa = PBXNativeTarget;
			buildConfigurationList = D0C6D0BE2DEDD54900305977 /* Build configuration list for PBXNativeTarget "NoteKeeper" */;
			buildPhases = (
				D0C6D0962DEDD54600305977 /* Sources */,
				D0C6D0972DEDD54600305977 /* Frameworks */,
				D0C6D0982DEDD54600305977 /* Resources */,
			);
			buildRules = (
			);
			dependencies = (
			);
			fileSystemSynchronizedGroups = (
				D0C6D09C2DEDD54600305977 /* NoteKeeper */,
			);
			name = NoteKeeper;
			packageProductDependencies = (
			);
			productName = NoteKeeper;
			productReference = D0C6D09A2DEDD54600305977 /* NoteKeeper.app */;
			productType = "com.apple.product-type.application";
		};
		D0C6D0A92DEDD54900305977 /* NoteKeeperTests */ = {
			isa = PBXNativeTarget;
			buildConfigurationList = D0C6D0C12DEDD54900305977 /* Build configuration list for PBXNativeTarget "NoteKeeperTests" */;
			buildPhases = (
				D0C6D0A62DEDD54900305977 /* Sources */,
				D0C6D0A72DEDD54900305977 /* Frameworks */,
				D0C6D0A82DEDD54900305977 /* Resources */,
			);
			buildRules = (
			);
			dependencies = (
				D0C6D0AC2DEDD54900305977 /* PBXTargetDependency */,
			);
			fileSystemSynchronizedGroups = (
				D0C6D0AD2DEDD54900305977 /* NoteKeeperTests */,
			);
			name = NoteKeeperTests;
			packageProductDependencies = (
			);
			productName = NoteKeeperTests;
			productReference = D0C6D0AA2DEDD54900305977 /* NoteKeeperTests.xctest */;
			productType = "com.apple.product-type.bundle.unit-test";
		};
		D0C6D0B32DEDD54900305977 /* NoteKeeperUITests */ = {
			isa = PBXNativeTarget;
			buildConfigurationList = D0C6D0C42DEDD54900305977 /* Build configuration list for PBXNativeTarget "NoteKeeperUITests" */;
			buildPhases = (
				D0C6D0B02DEDD54900305977 /* Sources */,
				D0C6D0B12DEDD54900305977 /* Frameworks */,
				D0C6D0B22DEDD54900305977 /* Resources */,
			);
			buildRules = (
			);
			dependencies = (
				D0C6D0B62DEDD54900305977 /* PBXTargetDependency */,
			);
			fileSystemSynchronizedGroups = (
				D0C6D0B72DEDD54900305977 /* NoteKeeperUITests */,
			);
			name = NoteKeeperUITests;
			packageProductDependencies = (
			);
			productName = NoteKeeperUITests;
			productReference = D0C6D0B42DEDD54900305977 /* NoteKeeperUITests.xctest */;
			productType = "com.apple.product-type.bundle.ui-testing";
		};
/* End PBXNativeTarget section */

/* Begin PBXProject section */
		D0C6D0922DEDD54600305977 /* Project object */ = {
			isa = PBXProject;
			attributes = {
				BuildIndependentTargetsInParallel = 1;
				LastSwiftUpdateCheck = 1620;
				LastUpgradeCheck = 1620;
				TargetAttributes = {
					D0C6D0992DEDD54600305977 = {
						CreatedOnToolsVersion = 16.2;
					};
					D0C6D0A92DEDD54900305977 = {
						CreatedOnToolsVersion = 16.2;
						TestTargetID = D0C6D0992DEDD54600305977;
					};
					D0C6D0B32DEDD54900305977 = {
						CreatedOnToolsVersion = 16.2;
						TestTargetID = D0C6D0992DEDD54600305977;
					};
				};
			};
			buildConfigurationList = D0C6D0952DEDD54600305977 /* Build configuration list for PBXProject "NoteKeeper" */;
			developmentRegion = en;
			hasScannedForEncodings = 0;
			knownRegions = (
				en,
				Base,
			);
			mainGroup = D0C6D0912DEDD54600305977;
			minimizedProjectReferenceProxies = 1;
			preferredProjectObjectVersion = 77;
			productRefGroup = D0C6D09B2DEDD54600305977 /* Products */;
			projectDirPath = "";
			projectRoot = "";
			targets = (
				D0C6D0992DEDD54600305977 /* NoteKeeper */,
				D0C6D0A92DEDD54900305977 /* NoteKeeperTests */,
				D0C6D0B32DEDD54900305977 /* NoteKeeperUITests */,
			);
		};
/* End PBXProject section */

/* Begin PBXResourcesBuildPhase section */
		D0C6D0982DEDD54600305977 /* Resources */ = {
			isa = PBXResourcesBuildPhase;
			buildActionMask = 2147483647;
			files = (
			);
			runOnlyForDeploymentPostprocessing = 0;
		};
		D0C6D0A82DEDD54900305977 /* Resources */ = {
			isa = PBXResourcesBuildPhase;
			buildActionMask = 2147483647;
			files = (
			);
			runOnlyForDeploymentPostprocessing = 0;
		};
		D0C6D0B22DEDD54900305977 /* Resources */ = {
			isa = PBXResourcesBuildPhase;
			buildActionMask = 2147483647;
			files = (
			);
			runOnlyForDeploymentPostprocessing = 0;
		};
/* End PBXResourcesBuildPhase section */

/* Begin PBXSourcesBuildPhase section */
		D0C6D0962DEDD54600305977 /* Sources */ = {
			isa = PBXSourcesBuildPhase;
			buildActionMask = 2147483647;
			files = (
			);
			runOnlyForDeploymentPostprocessing = 0;
		};
		D0C6D0A62DEDD54900305977 /* Sources */ = {
			isa = PBXSourcesBuildPhase;
			buildActionMask = 2147483647;
			files = (
			);
			runOnlyForDeploymentPostprocessing = 0;
		};
		D0C6D0B02DEDD54900305977 /* Sources */ = {
			isa = PBXSourcesBuildPhase;
			buildActionMask = 2147483647;
			files = (
			);
			runOnlyForDeploymentPostprocessing = 0;
		};
/* End PBXSourcesBuildPhase section */

/* Begin PBXTargetDependency section */
		D0C6D0AC2DEDD54900305977 /* PBXTargetDependency */ = {
			isa = PBXTargetDependency;
			target = D0C6D0992DEDD54600305977 /* NoteKeeper */;
			targetProxy = D0C6D0AB2DEDD54900305977 /* PBXContainerItemProxy */;
		};
		D0C6D0B62DEDD54900305977 /* PBXTargetDependency */ = {
			isa = PBXTargetDependency;
			target = D0C6D0992DEDD54600305977 /* NoteKeeper */;
			targetProxy = D0C6D0B52DEDD54900305977 /* PBXContainerItemProxy */;
		};
/* End PBXTargetDependency section */

/* Begin XCBuildConfiguration section */
		D0C6D0BC2DEDD54900305977 /* Debug */ = {
			isa = XCBuildConfiguration;
			buildSettings = {
				ALWAYS_SEARCH_USER_PATHS = NO;
				ASSETCATALOG_COMPILER_GENERATE_SWIFT_ASSET_SYMBOL_EXTENSIONS = YES;
				CLANG_ANALYZER_NONNULL = YES;
				CLANG_ANALYZER_NUMBER_OBJECT_CONVERSION = YES_AGGRESSIVE;
				CLANG_CXX_LANGUAGE_STANDARD = "gnu++20";
				CLANG_ENABLE_MODULES = YES;
				CLANG_ENABLE_OBJC_ARC = YES;
				CLANG_ENABLE_OBJC_WEAK = YES;
				CLANG_WARN_BLOCK_CAPTURE_AUTORELEASING = YES;
				CLANG_WARN_BOOL_CONVERSION = YES;
				CLANG_WARN_COMMA = YES;
				CLANG_WARN_CONSTANT_CONVERSION = YES;
				CLANG_WARN_DEPRECATED_OBJC_IMPLEMENTATIONS = YES;
				CLANG_WARN_DIRECT_OBJC_ISA_USAGE = YES_ERROR;
				CLANG_WARN_DOCUMENTATION_COMMENTS = YES;
				CLANG_WARN_EMPTY_BODY = YES;
				CLANG_WARN_ENUM_CONVERSION = YES;
				CLANG_WARN_INFINITE_RECURSION = YES;
				CLANG_WARN_INT_CONVERSION = YES;
				CLANG_WARN_NON_LITERAL_NULL_CONVERSION = YES;
				CLANG_WARN_OBJC_IMPLICIT_RETAIN_SELF = YES;
				CLANG_WARN_OBJC_LITERAL_CONVERSION = YES;
				CLANG_WARN_OBJC_ROOT_CLASS = YES_ERROR;
				CLANG_WARN_QUOTED_INCLUDE_IN_FRAMEWORK_HEADER = YES;
				CLANG_WARN_RANGE_LOOP_ANALYSIS = YES;
				CLANG_WARN_STRICT_PROTOTYPES = YES;
				CLANG_WARN_SUSPICIOUS_MOVE = YES;
				CLANG_WARN_UNGUARDED_AVAILABILITY = YES_AGGRESSIVE;
				CLANG_WARN_UNREACHABLE_CODE = YES;
				CLANG_WARN__DUPLICATE_METHOD_MATCH = YES;
				COPY_PHASE_STRIP = NO;
				DEBUG_INFORMATION_FORMAT = dwarf;
				ENABLE_STRICT_OBJC_MSGSEND = YES;
				ENABLE_TESTABILITY = YES;
				ENABLE_USER_SCRIPT_SANDBOXING = YES;
				GCC_C_LANGUAGE_STANDARD = gnu17;
				GCC_DYNAMIC_NO_PIC = NO;
				GCC_NO_COMMON_BLOCKS = YES;
				GCC_OPTIMIZATION_LEVEL = 0;
				GCC_PREPROCESSOR_DEFINITIONS = (
					"DEBUG=1",
					"$(inherited)",
				);
				GCC_WARN_64_TO_32_BIT_CONVERSION = YES;
				GCC_WARN_ABOUT_RETURN_TYPE = YES_ERROR;
				GCC_WARN_UNDECLARED_SELECTOR = YES;
				GCC_WARN_UNINITIALIZED_AUTOS = YES_AGGRESSIVE;
				GCC_WARN_UNUSED_FUNCTION = YES;
				GCC_WARN_UNUSED_VARIABLE = YES;
				IPHONEOS_DEPLOYMENT_TARGET = 18.2;
				LOCALIZATION_PREFERS_STRING_CATALOGS = YES;
				MTL_ENABLE_DEBUG_INFO = INCLUDE_SOURCE;
				MTL_FAST_MATH = YES;
				ONLY_ACTIVE_ARCH = YES;
				SDKROOT = iphoneos;
				SWIFT_ACTIVE_COMPILATION_CONDITIONS = "DEBUG $(inherited)";
				SWIFT_OPTIMIZATION_LEVEL = "-Onone";
			};
			name = Debug;
		};
		D0C6D0BD2DEDD54900305977 /* Release */ = {
			isa = XCBuildConfiguration;
			buildSettings = {
				ALWAYS_SEARCH_USER_PATHS = NO;
				ASSETCATALOG_COMPILER_GENERATE_SWIFT_ASSET_SYMBOL_EXTENSIONS = YES;
				CLANG_ANALYZER_NONNULL = YES;
				CLANG_ANALYZER_NUMBER_OBJECT_CONVERSION = YES_AGGRESSIVE;
				CLANG_CXX_LANGUAGE_STANDARD = "gnu++20";
				CLANG_ENABLE_MODULES = YES;
				CLANG_ENABLE_OBJC_ARC = YES;
				CLANG_ENABLE_OBJC_WEAK = YES;
				CLANG_WARN_BLOCK_CAPTURE_AUTORELEASING = YES;
				CLANG_WARN_BOOL_CONVERSION = YES;
				CLANG_WARN_COMMA = YES;
				CLANG_WARN_CONSTANT_CONVERSION = YES;
				CLANG_WARN_DEPRECATED_OBJC_IMPLEMENTATIONS = YES;
				CLANG_WARN_DIRECT_OBJC_ISA_USAGE = YES_ERROR;
				CLANG_WARN_DOCUMENTATION_COMMENTS = YES;
				CLANG_WARN_EMPTY_BODY = YES;
				CLANG_WARN_ENUM_CONVERSION = YES;
				CLANG_WARN_INFINITE_RECURSION = YES;
				CLANG_WARN_INT_CONVERSION = YES;
				CLANG_WARN_NON_LITERAL_NULL_CONVERSION = YES;
				CLANG_WARN_OBJC_IMPLICIT_RETAIN_SELF = YES;
				CLANG_WARN_OBJC_LITERAL_CONVERSION = YES;
				CLANG_WARN_OBJC_ROOT_CLASS = YES_ERROR;
				CLANG_WARN_QUOTED_INCLUDE_IN_FRAMEWORK_HEADER = YES;
				CLANG_WARN_RANGE_LOOP_ANALYSIS = YES;
				CLANG_WARN_STRICT_PROTOTYPES = YES;
				CLANG_WARN_SUSPICIOUS_MOVE = YES;
				CLANG_WARN_UNGUARDED_AVAILABILITY = YES_AGGRESSIVE;
				CLANG_WARN_UNREACHABLE_CODE = YES;
				CLANG_WARN__DUPLICATE_METHOD_MATCH = YES;
				COPY_PHASE_STRIP = NO;
				DEBUG_INFORMATION_FORMAT = "dwarf-with-dsym";
				ENABLE_NS_ASSERTIONS = NO;
				ENABLE_STRICT_OBJC_MSGSEND = YES;
				ENABLE_USER_SCRIPT_SANDBOXING = YES;
				GCC_C_LANGUAGE_STANDARD = gnu17;
				GCC_NO_COMMON_BLOCKS = YES;
				GCC_WARN_64_TO_32_BIT_CONVERSION = YES;
				GCC_WARN_ABOUT_RETURN_TYPE = YES_ERROR;
				GCC_WARN_UNDECLARED_SELECTOR = YES;
				GCC_WARN_UNINITIALIZED_AUTOS = YES_AGGRESSIVE;
				GCC_WARN_UNUSED_FUNCTION = YES;
				GCC_WARN_UNUSED_VARIABLE = YES;
				IPHONEOS_DEPLOYMENT_TARGET = 18.2;
				LOCALIZATION_PREFERS_STRING_CATALOGS = YES;
				MTL_ENABLE_DEBUG_INFO = NO;
				MTL_FAST_MATH = YES;
				SDKROOT = iphoneos;
				SWIFT_COMPILATION_MODE = wholemodule;
				VALIDATE_PRODUCT = YES;
			};
			name = Release;
		};
		D0C6D0BF2DEDD54900305977 /* Debug */ = {
			isa = XCBuildConfiguration;
			buildSettings = {
				ASSETCATALOG_COMPILER_APPICON_NAME = AppIcon;
				ASSETCATALOG_COMPILER_GLOBAL_ACCENT_COLOR_NAME = AccentColor;
				CODE_SIGN_STYLE = Automatic;
				CURRENT_PROJECT_VERSION = 1;
				DEVELOPMENT_ASSET_PATHS = "\"NoteKeeper/Preview Content\"";
				DEVELOPMENT_TEAM = F28LWR794R;
				ENABLE_PREVIEWS = YES;
				GENERATE_INFOPLIST_FILE = YES;
				INFOPLIST_KEY_UIApplicationSceneManifest_Generation = YES;
				INFOPLIST_KEY_UIApplicationSupportsIndirectInputEvents = YES;
				INFOPLIST_KEY_UILaunchScreen_Generation = YES;
				INFOPLIST_KEY_UISupportedInterfaceOrientations_iPad = "UIInterfaceOrientationPortrait UIInterfaceOrientationPortraitUpsideDown UIInterfaceOrientationLandscapeLeft UIInterfaceOrientationLandscapeRight";
				INFOPLIST_KEY_UISupportedInterfaceOrientations_iPhone = "UIInterfaceOrientationPortrait UIInterfaceOrientationLandscapeLeft UIInterfaceOrientationLandscapeRight";
				LD_RUNPATH_SEARCH_PATHS = (
					"$(inherited)",
					"@executable_path/Frameworks",
				);
				MARKETING_VERSION = 1.0;
				PRODUCT_BUNDLE_IDENTIFIER = ru.swiftbook.NoteKeeper;
				PRODUCT_NAME = "$(TARGET_NAME)";
				SWIFT_EMIT_LOC_STRINGS = YES;
				SWIFT_VERSION = 5.0;
				TARGETED_DEVICE_FAMILY = "1,2";
			};
			name = Debug;
		};
		D0C6D0C02DEDD54900305977 /* Release */ = {
			isa = XCBuildConfiguration;
			buildSettings = {
				ASSETCATALOG_COMPILER_APPICON_NAME = AppIcon;
				ASSETCATALOG_COMPILER_GLOBAL_ACCENT_COLOR_NAME = AccentColor;
				CODE_SIGN_STYLE = Automatic;
				CURRENT_PROJECT_VERSION = 1;
				DEVELOPMENT_ASSET_PATHS = "\"NoteKeeper/Preview Content\"";
				DEVELOPMENT_TEAM = F28LWR794R;
				ENABLE_PREVIEWS = YES;
				GENERATE_INFOPLIST_FILE = YES;
				INFOPLIST_KEY_UIApplicationSceneManifest_Generation = YES;
				INFOPLIST_KEY_UIApplicationSupportsIndirectInputEvents = YES;
				INFOPLIST_KEY_UILaunchScreen_Generation = YES;
				INFOPLIST_KEY_UISupportedInterfaceOrientations_iPad = "UIInterfaceOrientationPortrait UIInterfaceOrientationPortraitUpsideDown UIInterfaceOrientationLandscapeLeft UIInterfaceOrientationLandscapeRight";
				INFOPLIST_KEY_UISupportedInterfaceOrientations_iPhone = "UIInterfaceOrientationPortrait UIInterfaceOrientationLandscapeLeft UIInterfaceOrientationLandscapeRight";
				LD_RUNPATH_SEARCH_PATHS = (
					"$(inherited)",
					"@executable_path/Frameworks",
				);
				MARKETING_VERSION = 1.0;
				PRODUCT_BUNDLE_IDENTIFIER = ru.swiftbook.NoteKeeper;
				PRODUCT_NAME = "$(TARGET_NAME)";
				SWIFT_EMIT_LOC_STRINGS = YES;
				SWIFT_VERSION = 5.0;
				TARGETED_DEVICE_FAMILY = "1,2";
			};
			name = Release;
		};
		D0C6D0C22DEDD54900305977 /* Debug */ = {
			isa = XCBuildConfiguration;
			buildSettings = {
				BUNDLE_LOADER = "$(TEST_HOST)";
				CODE_SIGN_STYLE = Automatic;
				CURRENT_PROJECT_VERSION = 1;
				DEVELOPMENT_TEAM = F28LWR794R;
				GENERATE_INFOPLIST_FILE = YES;
				IPHONEOS_DEPLOYMENT_TARGET = 18.2;
				MARKETING_VERSION = 1.0;
				PRODUCT_BUNDLE_IDENTIFIER = ru.swiftbook.NoteKeeperTests;
				PRODUCT_NAME = "$(TARGET_NAME)";
				SWIFT_EMIT_LOC_STRINGS = NO;
				SWIFT_VERSION = 5.0;
				TARGETED_DEVICE_FAMILY = "1,2";
				TEST_HOST = "$(BUILT_PRODUCTS_DIR)/NoteKeeper.app/$(BUNDLE_EXECUTABLE_FOLDER_PATH)/NoteKeeper";
			};
			name = Debug;
		};
		D0C6D0C32DEDD54900305977 /* Release */ = {
			isa = XCBuildConfiguration;
			buildSettings = {
				BUNDLE_LOADER = "$(TEST_HOST)";
				CODE_SIGN_STYLE = Automatic;
				CURRENT_PROJECT_VERSION = 1;
				DEVELOPMENT_TEAM = F28LWR794R;
				GENERATE_INFOPLIST_FILE = YES;
				IPHONEOS_DEPLOYMENT_TARGET = 18.2;
				MARKETING_VERSION = 1.0;
				PRODUCT_BUNDLE_IDENTIFIER = ru.swiftbook.NoteKeeperTests;
				PRODUCT_NAME = "$(TARGET_NAME)";
				SWIFT_EMIT_LOC_STRINGS = NO;
				SWIFT_VERSION = 5.0;
				TARGETED_DEVICE_FAMILY = "1,2";
				TEST_HOST = "$(BUILT_PRODUCTS_DIR)/NoteKeeper.app/$(BUNDLE_EXECUTABLE_FOLDER_PATH)/NoteKeeper";
			};
			name = Release;
		};
		D0C6D0C52DEDD54900305977 /* Debug */ = {
			isa = XCBuildConfiguration;
			buildSettings = {
				CODE_SIGN_STYLE = Automatic;
				CURRENT_PROJECT_VERSION = 1;
				DEVELOPMENT_TEAM = F28LWR794R;
				GENERATE_INFOPLIST_FILE = YES;
				MARKETING_VERSION = 1.0;
				PRODUCT_BUNDLE_IDENTIFIER = ru.swiftbook.NoteKeeperUITests;
				PRODUCT_NAME = "$(TARGET_NAME)";
				SWIFT_EMIT_LOC_STRINGS = NO;
				SWIFT_VERSION = 5.0;
				TARGETED_DEVICE_FAMILY = "1,2";
				TEST_TARGET_NAME = NoteKeeper;
			};
			name = Debug;
		};
		D0C6D0C62DEDD54900305977 /* Release */ = {
			isa = XCBuildConfiguration;
			buildSettings = {
				CODE_SIGN_STYLE = Automatic;
				CURRENT_PROJECT_VERSION = 1;
				DEVELOPMENT_TEAM = F28LWR794R;
				GENERATE_INFOPLIST_FILE = YES;
				MARKETING_VERSION = 1.0;
				PRODUCT_BUNDLE_IDENTIFIER = ru.swiftbook.NoteKeeperUITests;
				PRODUCT_NAME = "$(TARGET_NAME)";
				SWIFT_EMIT_LOC_STRINGS = NO;
				SWIFT_VERSION = 5.0;
				TARGETED_DEVICE_FAMILY = "1,2";
				TEST_TARGET_NAME = NoteKeeper;
			};
			name = Release;
		};
/* End XCBuildConfiguration section */

/* Begin XCConfigurationList section */
		D0C6D0952DEDD54600305977 /* Build configuration list for PBXProject "NoteKeeper" */ = {
			isa = XCConfigurationList;
			buildConfigurations = (
				D0C6D0BC2DEDD54900305977 /* Debug */,
				D0C6D0BD2DEDD54900305977 /* Release */,
			);
			defaultConfigurationIsVisible = 0;
			defaultConfigurationName = Release;
		};
		D0C6D0BE2DEDD54900305977 /* Build configuration list for PBXNativeTarget "NoteKeeper" */ = {
			isa = XCConfigurationList;
			buildConfigurations = (
				D0C6D0BF2DEDD54900305977 /* Debug */,
				D0C6D0C02DEDD54900305977 /* Release */,
			);
			defaultConfigurationIsVisible = 0;
			defaultConfigurationName = Release;
		};
		D0C6D0C12DEDD54900305977 /* Build configuration list for PBXNativeTarget "NoteKeeperTests" */ = {
			isa = XCConfigurationList;
			buildConfigurations = (
				D0C6D0C22DEDD54900305977 /* Debug */,
				D0C6D0C32DEDD54900305977 /* Release */,
			);
			defaultConfigurationIsVisible = 0;
			defaultConfigurationName = Release;
		};
		D0C6D0C42DEDD54900305977 /* Build configuration list for PBXNativeTarget "NoteKeeperUITests" */ = {
			isa = XCConfigurationList;
			buildConfigurations = (
				D0C6D0C52DEDD54900305977 /* Debug */,
				D0C6D0C62DEDD54900305977 /* Release */,
			);
			defaultConfigurationIsVisible = 0;
			defaultConfigurationName = Release;
		};
/* End XCConfigurationList section */
	};
	rootObject = D0C6D0922DEDD54600305977 /* Project object */;
}
